{
  "name": "assets",
  "lockfileVersion": 3,
  "requires": true,
  "packages": {
    "": {
      "dependencies": {
        "libphonenumber-js": "^1.12.13",
        "topbar": "^3.0.0"
      }
    },
    "node_modules/libphonenumber-js": {
      "version": "1.12.13",
      "resolved": "https://registry.npmjs.org/libphonenumber-js/-/libphonenumber-js-1.12.13.tgz",
      "integrity": "sha512-QZXnR/OGiDcBjF4hGk0wwVrPcZvbSSyzlvkjXv5LFfktj7O2VZDrt4Xs8SgR/vOFco+qk1i8J43ikMXZoTrtPw==",
      "license": "MIT"
    },
    "node_modules/topbar": {
      "version": "3.0.0",
      "resolved": "https://registry.npmjs.org/topbar/-/topbar-3.0.0.tgz",
      "integrity": "sha512-mhczD7KfYi1anfoMPKRdl0wPSWiYc0YOK4KyycYs3EaNT15pVVNDG5CtfgZcEBWIPJEdfR7r8K4hTXDD2ECBVQ==",
      "license": "MIT"
    }
  }
}
